
Microsoft Visual Studio Solution File, Format Version 12.00
# Visual Studio Version 17
VisualStudioVersion = 17.6.33723.286
MinimumVisualStudioVersion = 10.0.40219.1
Project("{FAE04EC0-301F-11D3-BF4B-00C04F79EFBC}") = "Task1", "Task1\Task1.csproj", "{D6103B95-5064-45F2-9B07-58A10BC97D53}"
EndProject
Project("{FAE04EC0-301F-11D3-BF4B-00C04F79EFBC}") = "Task2", "Task2\Task2.csproj", "{AE4E9693-8DCB-43A9-BF16-9FDE7541606B}"
EndProject
Global
	GlobalSection(SolutionConfigurationPlatforms) = preSolution
		Debug|Any CPU = Debug|Any CPU
		Release|Any CPU = Release|Any CPU
	EndGlobalSection
	GlobalSection(ProjectConfigurationPlatforms) = postSolution
		{D6103B95-5064-45F2-9B07-58A10BC97D53}.Debug|Any CPU.ActiveCfg = Debug|Any CPU
		{D6103B95-5064-45F2-9B07-58A10BC97D53}.Debug|Any CPU.Build.0 = Debug|Any CPU
		{D6103B95-5064-45F2-9B07-58A10BC97D53}.Release|Any CPU.ActiveCfg = Release|Any CPU
		{D6103B95-5064-45F2-9B07-58A10BC97D53}.Release|Any CPU.Build.0 = Release|Any CPU
		{AE4E9693-8DCB-43A9-BF16-9FDE7541606B}.Debug|Any CPU.ActiveCfg = Debug|Any CPU
		{AE4E9693-8DCB-43A9-BF16-9FDE7541606B}.Debug|Any CPU.Build.0 = Debug|Any CPU
		{AE4E9693-8DCB-43A9-BF16-9FDE7541606B}.Release|Any CPU.ActiveCfg = Release|Any CPU
		{AE4E9693-8DCB-43A9-BF16-9FDE7541606B}.Release|Any CPU.Build.0 = Release|Any CPU
	EndGlobalSection
	GlobalSection(SolutionProperties) = preSolution
		HideSolutionNode = FALSE
	EndGlobalSection
	GlobalSection(ExtensibilityGlobals) = postSolution
		SolutionGuid = {6561EFA5-BD82-44D5-BE5B-E18B99D54BDA}
	EndGlobalSection
EndGlobal
