
Microsoft Visual Studio Solution File, Format Version 12.00
# Visual Studio Version 17
VisualStudioVersion = 17.6.33723.286
MinimumVisualStudioVersion = 10.0.40219.1
Project("{FAE04EC0-301F-11D3-BF4B-00C04F79EFBC}") = "Task1", "Task1\Task1.csproj", "{DA49B23B-B1C5-413D-AFEF-3FBE313104F4}"
EndProject
Global
	GlobalSection(SolutionConfigurationPlatforms) = preSolution
		Debug|Any CPU = Debug|Any CPU
		Release|Any CPU = Release|Any CPU
	EndGlobalSection
	GlobalSection(ProjectConfigurationPlatforms) = postSolution
		{DA49B23B-B1C5-413D-AFEF-3FBE313104F4}.Debug|Any CPU.ActiveCfg = Debug|Any CPU
		{DA49B23B-B1C5-413D-AFEF-3FBE313104F4}.Debug|Any CPU.Build.0 = Debug|Any CPU
		{DA49B23B-B1C5-413D-AFEF-3FBE313104F4}.Release|Any CPU.ActiveCfg = Release|Any CPU
		{DA49B23B-B1C5-413D-AFEF-3FBE313104F4}.Release|Any CPU.Build.0 = Release|Any CPU
	EndGlobalSection
	GlobalSection(SolutionProperties) = preSolution
		HideSolutionNode = FALSE
	EndGlobalSection
	GlobalSection(ExtensibilityGlobals) = postSolution
		SolutionGuid = {7F65AEA4-83CB-4F2F-A098-54C3650784A4}
	EndGlobalSection
EndGlobal
