
Microsoft Visual Studio Solution File, Format Version 12.00
# Visual Studio Version 17
VisualStudioVersion = 17.6.33723.286
MinimumVisualStudioVersion = 10.0.40219.1
Project("{FAE04EC0-301F-11D3-BF4B-00C04F79EFBC}") = "Task1", "Task1\Task1.csproj", "{381A1FCD-2C30-4C40-9A7E-EC5924F3E66D}"
EndProject
Global
	GlobalSection(SolutionConfigurationPlatforms) = preSolution
		Debug|Any CPU = Debug|Any CPU
		Release|Any CPU = Release|Any CPU
	EndGlobalSection
	GlobalSection(ProjectConfigurationPlatforms) = postSolution
		{381A1FCD-2C30-4C40-9A7E-EC5924F3E66D}.Debug|Any CPU.ActiveCfg = Debug|Any CPU
		{381A1FCD-2C30-4C40-9A7E-EC5924F3E66D}.Debug|Any CPU.Build.0 = Debug|Any CPU
		{381A1FCD-2C30-4C40-9A7E-EC5924F3E66D}.Release|Any CPU.ActiveCfg = Release|Any CPU
		{381A1FCD-2C30-4C40-9A7E-EC5924F3E66D}.Release|Any CPU.Build.0 = Release|Any CPU
	EndGlobalSection
	GlobalSection(SolutionProperties) = preSolution
		HideSolutionNode = FALSE
	EndGlobalSection
	GlobalSection(ExtensibilityGlobals) = postSolution
		SolutionGuid = {B563D306-EA55-4703-8A3E-12A1D020CD53}
	EndGlobalSection
EndGlobal
