
Microsoft Visual Studio Solution File, Format Version 12.00
# Visual Studio Version 17
VisualStudioVersion = 17.6.33723.286
MinimumVisualStudioVersion = 10.0.40219.1
Project("{9A19103F-16F7-4668-BE54-9A1E7A4F7556}") = "TMP", "TMP\TMP.csproj", "{7ABC8C37-2DAE-4117-AE11-B782FC270C1D}"
EndProject
Project("{FAE04EC0-301F-11D3-BF4B-00C04F79EFBC}") = "Task2Jeirani", "Task2Jeirani\Task2Jeirani.csproj", "{4226D6FE-506D-4AE8-9127-576916550902}"
EndProject
Global
	GlobalSection(SolutionConfigurationPlatforms) = preSolution
		Debug|Any CPU = Debug|Any CPU
		Release|Any CPU = Release|Any CPU
	EndGlobalSection
	GlobalSection(ProjectConfigurationPlatforms) = postSolution
		{7ABC8C37-2DAE-4117-AE11-B782FC270C1D}.Debug|Any CPU.ActiveCfg = Debug|Any CPU
		{7ABC8C37-2DAE-4117-AE11-B782FC270C1D}.Debug|Any CPU.Build.0 = Debug|Any CPU
		{7ABC8C37-2DAE-4117-AE11-B782FC270C1D}.Release|Any CPU.ActiveCfg = Release|Any CPU
		{7ABC8C37-2DAE-4117-AE11-B782FC270C1D}.Release|Any CPU.Build.0 = Release|Any CPU
		{4226D6FE-506D-4AE8-9127-576916550902}.Debug|Any CPU.ActiveCfg = Debug|Any CPU
		{4226D6FE-506D-4AE8-9127-576916550902}.Debug|Any CPU.Build.0 = Debug|Any CPU
		{4226D6FE-506D-4AE8-9127-576916550902}.Release|Any CPU.ActiveCfg = Release|Any CPU
		{4226D6FE-506D-4AE8-9127-576916550902}.Release|Any CPU.Build.0 = Release|Any CPU
	EndGlobalSection
	GlobalSection(SolutionProperties) = preSolution
		HideSolutionNode = FALSE
	EndGlobalSection
	GlobalSection(ExtensibilityGlobals) = postSolution
		SolutionGuid = {E9133C25-616B-4CF3-A399-80FA9AF8F730}
	EndGlobalSection
EndGlobal
