
Microsoft Visual Studio Solution File, Format Version 12.00
# Visual Studio Version 17
VisualStudioVersion = 17.6.33723.286
MinimumVisualStudioVersion = 10.0.40219.1
Project("{FAE04EC0-301F-11D3-BF4B-00C04F79EFBC}") = "Task1", "Task1\Task1.csproj", "{58F121B8-30EE-4CDB-9795-0B090104E42D}"
EndProject
Project("{FAE04EC0-301F-11D3-BF4B-00C04F79EFBC}") = "Task2", "Task2\Task2.csproj", "{4098225B-035D-4433-A768-87F8F9CBD9E2}"
EndProject
Global
	GlobalSection(SolutionConfigurationPlatforms) = preSolution
		Debug|Any CPU = Debug|Any CPU
		Release|Any CPU = Release|Any CPU
	EndGlobalSection
	GlobalSection(ProjectConfigurationPlatforms) = postSolution
		{58F121B8-30EE-4CDB-9795-0B090104E42D}.Debug|Any CPU.ActiveCfg = Debug|Any CPU
		{58F121B8-30EE-4CDB-9795-0B090104E42D}.Debug|Any CPU.Build.0 = Debug|Any CPU
		{58F121B8-30EE-4CDB-9795-0B090104E42D}.Release|Any CPU.ActiveCfg = Release|Any CPU
		{58F121B8-30EE-4CDB-9795-0B090104E42D}.Release|Any CPU.Build.0 = Release|Any CPU
		{4098225B-035D-4433-A768-87F8F9CBD9E2}.Debug|Any CPU.ActiveCfg = Debug|Any CPU
		{4098225B-035D-4433-A768-87F8F9CBD9E2}.Debug|Any CPU.Build.0 = Debug|Any CPU
		{4098225B-035D-4433-A768-87F8F9CBD9E2}.Release|Any CPU.ActiveCfg = Release|Any CPU
		{4098225B-035D-4433-A768-87F8F9CBD9E2}.Release|Any CPU.Build.0 = Release|Any CPU
	EndGlobalSection
	GlobalSection(SolutionProperties) = preSolution
		HideSolutionNode = FALSE
	EndGlobalSection
	GlobalSection(ExtensibilityGlobals) = postSolution
		SolutionGuid = {1A1FA539-1290-4C8C-A9E8-09804A843EC6}
	EndGlobalSection
EndGlobal
